
Microsoft Visual Studio Solution File, Format Version 12.00
# Visual Studio Version 16
VisualStudioVersion = 16.0.30804.86
MinimumVisualStudioVersion = 10.0.40219.1
Project("{FAE04EC0-301F-11D3-BF4B-00C04F79EFBC}") = "답정너 거울아 거울아", "답정너 거울아 거울아.csproj", "{BB1F3558-B81C-408E-95E1-5562A74D49BF}"
EndProject
Global
	GlobalSection(SolutionConfigurationPlatforms) = preSolution
		Debug|Any CPU = Debug|Any CPU
		Release|Any CPU = Release|Any CPU
	EndGlobalSection
	GlobalSection(ProjectConfigurationPlatforms) = postSolution
		{BB1F3558-B81C-408E-95E1-5562A74D49BF}.Debug|Any CPU.ActiveCfg = Debug|Any CPU
		{BB1F3558-B81C-408E-95E1-5562A74D49BF}.Debug|Any CPU.Build.0 = Debug|Any CPU
		{BB1F3558-B81C-408E-95E1-5562A74D49BF}.Release|Any CPU.ActiveCfg = Release|Any CPU
		{BB1F3558-B81C-408E-95E1-5562A74D49BF}.Release|Any CPU.Build.0 = Release|Any CPU
	EndGlobalSection
	GlobalSection(SolutionProperties) = preSolution
		HideSolutionNode = FALSE
	EndGlobalSection
	GlobalSection(ExtensibilityGlobals) = postSolution
		SolutionGuid = {615521C8-DC94-42F1-ACF9-CB0808AACD58}
	EndGlobalSection
EndGlobal
